// !$*UTF8*$!
{
	archiveVersion = 1;
	classes = {
	};
	objectVersion = 48;
	objects = {

/* Begin PBXBuildFile section */
		372772E7F94B049AF58C454C /* libPods-ShowCityWheatherApp.a in Frameworks */ = {isa = PBXBuildFile; fileRef = D8EC4B8F1A68DE50B2DFB7EB /* libPods-ShowCityWheatherApp.a */; };
		8122BF9A2141378600064F2D /* AppDelegate.m in Sources */ = {isa = PBXBuildFile; fileRef = 8122BF992141378600064F2D /* AppDelegate.m */; };
		8122BFA32141378600064F2D /* ShowCityWheatherApp.xcdatamodeld in Sources */ = {isa = PBXBuildFile; fileRef = 8122BFA12141378600064F2D /* ShowCityWheatherApp.xcdatamodeld */; };
		8122BFA52141378600064F2D /* Assets.xcassets in Resources */ = {isa = PBXBuildFile; fileRef = 8122BFA42141378600064F2D /* Assets.xcassets */; };
		8122BFA82141378600064F2D /* LaunchScreen.storyboard in Resources */ = {isa = PBXBuildFile; fileRef = 8122BFA62141378600064F2D /* LaunchScreen.storyboard */; };
		8122BFAB2141378600064F2D /* main.m in Sources */ = {isa = PBXBuildFile; fileRef = 8122BFAA2141378600064F2D /* main.m */; };
		8122BFB321413CE800064F2D /* CitiesTableView.m in Sources */ = {isa = PBXBuildFile; fileRef = 8122BFB221413CE800064F2D /* CitiesTableView.m */; };
		8122BFBA21414AB200064F2D /* CityTableViewCell.m in Sources */ = {isa = PBXBuildFile; fileRef = 8122BFB921414AB200064F2D /* CityTableViewCell.m */; };
		8122BFBE21416A5200064F2D /* WeatherDetailsViewController.m in Sources */ = {isa = PBXBuildFile; fileRef = 8122BFBD21416A5200064F2D /* WeatherDetailsViewController.m */; };
		DF0F5C07214465BF00062AFB /* SystemConfiguration.framework in Frameworks */ = {isa = PBXBuildFile; fileRef = DF0F5C06214465BF00062AFB /* SystemConfiguration.framework */; };
		DF7652CB2142D6BF00860914 /* City.m in Sources */ = {isa = PBXBuildFile; fileRef = DF7652CA2142D6BF00860914 /* City.m */; };
		DF7652D42142E72200860914 /* WeatherInfo.m in Sources */ = {isa = PBXBuildFile; fileRef = DF7652D32142E72200860914 /* WeatherInfo.m */; };
		DFFA12FD214294380005ABDB /* HistoryTableViewController.m in Sources */ = {isa = PBXBuildFile; fileRef = DFFA12FC214294380005ABDB /* HistoryTableViewController.m */; };
		DFFA13042142A0800005ABDB /* ServieLayer.m in Sources */ = {isa = PBXBuildFile; fileRef = DFFA13032142A0800005ABDB /* ServieLayer.m */; };
		DFFA13132142BD520005ABDB /* CoreDataManger.m in Sources */ = {isa = PBXBuildFile; fileRef = DFFA13122142BD520005ABDB /* CoreDataManger.m */; };
/* End PBXBuildFile section */

/* Begin PBXFileReference section */
		6EFD4ABA4A62028BA3C690BA /* Pods-ShowCityWheatherApp.release.xcconfig */ = {isa = PBXFileReference; includeInIndex = 1; lastKnownFileType = text.xcconfig; name = "Pods-ShowCityWheatherApp.release.xcconfig"; path = "Pods/Target Support Files/Pods-ShowCityWheatherApp/Pods-ShowCityWheatherApp.release.xcconfig"; sourceTree = "<group>"; };
		8122BF952141378600064F2D /* ShowCityWheatherApp.app */ = {isa = PBXFileReference; explicitFileType = wrapper.application; includeInIndex = 0; path = ShowCityWheatherApp.app; sourceTree = BUILT_PRODUCTS_DIR; };
		8122BF982141378600064F2D /* AppDelegate.h */ = {isa = PBXFileReference; lastKnownFileType = sourcecode.c.h; path = AppDelegate.h; sourceTree = "<group>"; };
		8122BF992141378600064F2D /* AppDelegate.m */ = {isa = PBXFileReference; lastKnownFileType = sourcecode.c.objc; path = AppDelegate.m; sourceTree = "<group>"; };
		8122BFA22141378600064F2D /* ShowCityWheatherApp.xcdatamodel */ = {isa = PBXFileReference; lastKnownFileType = wrapper.xcdatamodel; path = ShowCityWheatherApp.xcdatamodel; sourceTree = "<group>"; };
		8122BFA42141378600064F2D /* Assets.xcassets */ = {isa = PBXFileReference; lastKnownFileType = folder.assetcatalog; path = Assets.xcassets; sourceTree = "<group>"; };
		8122BFA72141378600064F2D /* Base */ = {isa = PBXFileReference; lastKnownFileType = file.storyboard; name = Base; path = Base.lproj/LaunchScreen.storyboard; sourceTree = "<group>"; };
		8122BFA92141378600064F2D /* Info.plist */ = {isa = PBXFileReference; lastKnownFileType = text.plist.xml; path = Info.plist; sourceTree = "<group>"; };
		8122BFAA2141378600064F2D /* main.m */ = {isa = PBXFileReference; lastKnownFileType = sourcecode.c.objc; path = main.m; sourceTree = "<group>"; };
		8122BFB121413CE800064F2D /* CitiesTableView.h */ = {isa = PBXFileReference; lastKnownFileType = sourcecode.c.h; path = CitiesTableView.h; sourceTree = "<group>"; };
		8122BFB221413CE800064F2D /* CitiesTableView.m */ = {isa = PBXFileReference; lastKnownFileType = sourcecode.c.objc; path = CitiesTableView.m; sourceTree = "<group>"; };
		8122BFB821414AB200064F2D /* CityTableViewCell.h */ = {isa = PBXFileReference; lastKnownFileType = sourcecode.c.h; path = CityTableViewCell.h; sourceTree = "<group>"; };
		8122BFB921414AB200064F2D /* CityTableViewCell.m */ = {isa = PBXFileReference; lastKnownFileType = sourcecode.c.objc; path = CityTableViewCell.m; sourceTree = "<group>"; };
		8122BFBC21416A5200064F2D /* WeatherDetailsViewController.h */ = {isa = PBXFileReference; lastKnownFileType = sourcecode.c.h; path = WeatherDetailsViewController.h; sourceTree = "<group>"; };
		8122BFBD21416A5200064F2D /* WeatherDetailsViewController.m */ = {isa = PBXFileReference; lastKnownFileType = sourcecode.c.objc; path = WeatherDetailsViewController.m; sourceTree = "<group>"; };
		81A656B1F4E9DD9EF380A4C1 /* Pods-ShowCityWheatherApp.debug.xcconfig */ = {isa = PBXFileReference; includeInIndex = 1; lastKnownFileType = text.xcconfig; name = "Pods-ShowCityWheatherApp.debug.xcconfig"; path = "Pods/Target Support Files/Pods-ShowCityWheatherApp/Pods-ShowCityWheatherApp.debug.xcconfig"; sourceTree = "<group>"; };
		D8EC4B8F1A68DE50B2DFB7EB /* libPods-ShowCityWheatherApp.a */ = {isa = PBXFileReference; explicitFileType = archive.ar; includeInIndex = 0; path = "libPods-ShowCityWheatherApp.a"; sourceTree = BUILT_PRODUCTS_DIR; };
		DF0F5C06214465BF00062AFB /* SystemConfiguration.framework */ = {isa = PBXFileReference; lastKnownFileType = wrapper.framework; name = SystemConfiguration.framework; path = System/Library/Frameworks/SystemConfiguration.framework; sourceTree = SDKROOT; };
		DF7652C92142D6BF00860914 /* City.h */ = {isa = PBXFileReference; lastKnownFileType = sourcecode.c.h; path = City.h; sourceTree = "<group>"; };
		DF7652CA2142D6BF00860914 /* City.m */ = {isa = PBXFileReference; lastKnownFileType = sourcecode.c.objc; path = City.m; sourceTree = "<group>"; };
		DF7652D22142E72200860914 /* WeatherInfo.h */ = {isa = PBXFileReference; lastKnownFileType = sourcecode.c.h; path = WeatherInfo.h; sourceTree = "<group>"; };
		DF7652D32142E72200860914 /* WeatherInfo.m */ = {isa = PBXFileReference; lastKnownFileType = sourcecode.c.objc; path = WeatherInfo.m; sourceTree = "<group>"; };
		DFFA12FB214294380005ABDB /* HistoryTableViewController.h */ = {isa = PBXFileReference; lastKnownFileType = sourcecode.c.h; path = HistoryTableViewController.h; sourceTree = "<group>"; };
		DFFA12FC214294380005ABDB /* HistoryTableViewController.m */ = {isa = PBXFileReference; lastKnownFileType = sourcecode.c.objc; path = HistoryTableViewController.m; sourceTree = "<group>"; };
		DFFA13022142A0800005ABDB /* ServieLayer.h */ = {isa = PBXFileReference; lastKnownFileType = sourcecode.c.h; path = ServieLayer.h; sourceTree = "<group>"; };
		DFFA13032142A0800005ABDB /* ServieLayer.m */ = {isa = PBXFileReference; lastKnownFileType = sourcecode.c.objc; path = ServieLayer.m; sourceTree = "<group>"; };
		DFFA13112142BD520005ABDB /* CoreDataManger.h */ = {isa = PBXFileReference; lastKnownFileType = sourcecode.c.h; path = CoreDataManger.h; sourceTree = "<group>"; };
		DFFA13122142BD520005ABDB /* CoreDataManger.m */ = {isa = PBXFileReference; lastKnownFileType = sourcecode.c.objc; path = CoreDataManger.m; sourceTree = "<group>"; };
/* End PBXFileReference section */

/* Begin PBXFrameworksBuildPhase section */
		8122BF922141378600064F2D /* Frameworks */ = {
			isa = PBXFrameworksBuildPhase;
			buildActionMask = 2147483647;
			files = (
				DF0F5C07214465BF00062AFB /* SystemConfiguration.framework in Frameworks */,
				372772E7F94B049AF58C454C /* libPods-ShowCityWheatherApp.a in Frameworks */,
			);
			runOnlyForDeploymentPostprocessing = 0;
		};
/* End PBXFrameworksBuildPhase section */

/* Begin PBXGroup section */
		55637B1280A9989EFB7C7624 /* Frameworks */ = {
			isa = PBXGroup;
			children = (
				DF0F5C06214465BF00062AFB /* SystemConfiguration.framework */,
				D8EC4B8F1A68DE50B2DFB7EB /* libPods-ShowCityWheatherApp.a */,
			);
			name = Frameworks;
			sourceTree = "<group>";
		};
		8122BF8C2141378600064F2D = {
			isa = PBXGroup;
			children = (
				8122BF972141378600064F2D /* ShowCityWheatherApp */,
				8122BF962141378600064F2D /* Products */,
				88DE91C4D8A60AD7C6939893 /* Pods */,
				55637B1280A9989EFB7C7624 /* Frameworks */,
			);
			sourceTree = "<group>";
		};
		8122BF962141378600064F2D /* Products */ = {
			isa = PBXGroup;
			children = (
				8122BF952141378600064F2D /* ShowCityWheatherApp.app */,
			);
			name = Products;
			sourceTree = "<group>";
		};
		8122BF972141378600064F2D /* ShowCityWheatherApp */ = {
			isa = PBXGroup;
			children = (
				8122BFB621414A8C00064F2D /* View Controller */,
				DFFA130F2142BD320005ABDB /* CoreData Layer  */,
				DFFA12FE2142A0270005ABDB /* Sevice Layer */,
				DFFA13052142BCBA0005ABDB /* Models */,
				DF0F5C0821446F0F00062AFB /* App delegate */,
				8122BFA42141378600064F2D /* Assets.xcassets */,
				8122BFA62141378600064F2D /* LaunchScreen.storyboard */,
				8122BFA92141378600064F2D /* Info.plist */,
				8122BFAA2141378600064F2D /* main.m */,
				8122BFA12141378600064F2D /* ShowCityWheatherApp.xcdatamodeld */,
			);
			path = ShowCityWheatherApp;
			sourceTree = "<group>";
		};
		8122BFB621414A8C00064F2D /* View Controller */ = {
			isa = PBXGroup;
			children = (
				DFFA12FF2142A03F0005ABDB /* Home Screen */,
				DFFA12FA214294060005ABDB /* city whater history */,
				8122BFBB21416A1500064F2D /* CityweatherDetail */,
			);
			path = "View Controller";
			sourceTree = "<group>";
		};
		8122BFB721414A9D00064F2D /* Cell */ = {
			isa = PBXGroup;
			children = (
				8122BFB821414AB200064F2D /* CityTableViewCell.h */,
				8122BFB921414AB200064F2D /* CityTableViewCell.m */,
			);
			path = Cell;
			sourceTree = "<group>";
		};
		8122BFBB21416A1500064F2D /* CityweatherDetail */ = {
			isa = PBXGroup;
			children = (
				8122BFBC21416A5200064F2D /* WeatherDetailsViewController.h */,
				8122BFBD21416A5200064F2D /* WeatherDetailsViewController.m */,
			);
			path = CityweatherDetail;
			sourceTree = "<group>";
		};
		88DE91C4D8A60AD7C6939893 /* Pods */ = {
			isa = PBXGroup;
			children = (
				81A656B1F4E9DD9EF380A4C1 /* Pods-ShowCityWheatherApp.debug.xcconfig */,
				6EFD4ABA4A62028BA3C690BA /* Pods-ShowCityWheatherApp.release.xcconfig */,
			);
			name = Pods;
			sourceTree = "<group>";
		};
		DF0F5C0821446F0F00062AFB /* App delegate */ = {
			isa = PBXGroup;
			children = (
				8122BF982141378600064F2D /* AppDelegate.h */,
				8122BF992141378600064F2D /* AppDelegate.m */,
			);
			path = "App delegate";
			sourceTree = "<group>";
		};
		DFFA12FA214294060005ABDB /* city whater history */ = {
			isa = PBXGroup;
			children = (
				DFFA12FB214294380005ABDB /* HistoryTableViewController.h */,
				DFFA12FC214294380005ABDB /* HistoryTableViewController.m */,
			);
			path = "city whater history";
			sourceTree = "<group>";
		};
		DFFA12FE2142A0270005ABDB /* Sevice Layer */ = {
			isa = PBXGroup;
			children = (
				DFFA13022142A0800005ABDB /* ServieLayer.h */,
				DFFA13032142A0800005ABDB /* ServieLayer.m */,
			);
			path = "Sevice Layer";
			sourceTree = "<group>";
		};
		DFFA12FF2142A03F0005ABDB /* Home Screen */ = {
			isa = PBXGroup;
			children = (
				8122BFB721414A9D00064F2D /* Cell */,
				8122BFB121413CE800064F2D /* CitiesTableView.h */,
				8122BFB221413CE800064F2D /* CitiesTableView.m */,
			);
			path = "Home Screen";
			sourceTree = "<group>";
		};
		DFFA13052142BCBA0005ABDB /* Models */ = {
			isa = PBXGroup;
			children = (
				DF7652C92142D6BF00860914 /* City.h */,
				DF7652CA2142D6BF00860914 /* City.m */,
				DF7652D22142E72200860914 /* WeatherInfo.h */,
				DF7652D32142E72200860914 /* WeatherInfo.m */,
			);
			path = Models;
			sourceTree = "<group>";
		};
		DFFA130F2142BD320005ABDB /* CoreData Layer  */ = {
			isa = PBXGroup;
			children = (
				DFFA13112142BD520005ABDB /* CoreDataManger.h */,
				DFFA13122142BD520005ABDB /* CoreDataManger.m */,
			);
			path = "CoreData Layer ";
			sourceTree = "<group>";
		};
/* End PBXGroup section */

/* Begin PBXNativeTarget section */
		8122BF942141378600064F2D /* ShowCityWheatherApp */ = {
			isa = PBXNativeTarget;
			buildConfigurationList = 8122BFAE2141378600064F2D /* Build configuration list for PBXNativeTarget "ShowCityWheatherApp" */;
			buildPhases = (
				5678D223B2EF7E496F78DE45 /* [CP] Check Pods Manifest.lock */,
				8122BF912141378600064F2D /* Sources */,
				8122BF922141378600064F2D /* Frameworks */,
				8122BF932141378600064F2D /* Resources */,
				D80B5612B53EE4F4655D7F5C /* [CP] Embed Pods Frameworks */,
				71E0E9768324565D33146959 /* [CP] Copy Pods Resources */,
			);
			buildRules = (
			);
			dependencies = (
			);
			name = ShowCityWheatherApp;
			productName = ShowCityWheatherApp;
			productReference = 8122BF952141378600064F2D /* ShowCityWheatherApp.app */;
			productType = "com.apple.product-type.application";
		};
/* End PBXNativeTarget section */

/* Begin PBXProject section */
		8122BF8D2141378600064F2D /* Project object */ = {
			isa = PBXProject;
			attributes = {
				LastUpgradeCheck = 0900;
				ORGANIZATIONNAME = "Ragaie alfy";
				TargetAttributes = {
					8122BF942141378600064F2D = {
						CreatedOnToolsVersion = 9.0;
						ProvisioningStyle = Automatic;
					};
				};
			};
			buildConfigurationList = 8122BF902141378600064F2D /* Build configuration list for PBXProject "ShowCityWheatherApp" */;
			compatibilityVersion = "Xcode 8.0";
			developmentRegion = en;
			hasScannedForEncodings = 0;
			knownRegions = (
				en,
				Base,
			);
			mainGroup = 8122BF8C2141378600064F2D;
			productRefGroup = 8122BF962141378600064F2D /* Products */;
			projectDirPath = "";
			projectRoot = "";
			targets = (
				8122BF942141378600064F2D /* ShowCityWheatherApp */,
			);
		};
/* End PBXProject section */

/* Begin PBXResourcesBuildPhase section */
		8122BF932141378600064F2D /* Resources */ = {
			isa = PBXResourcesBuildPhase;
			buildActionMask = 2147483647;
			files = (
				8122BFA82141378600064F2D /* LaunchScreen.storyboard in Resources */,
				8122BFA52141378600064F2D /* Assets.xcassets in Resources */,
			);
			runOnlyForDeploymentPostprocessing = 0;
		};
/* End PBXResourcesBuildPhase section */

/* Begin PBXShellScriptBuildPhase section */
		5678D223B2EF7E496F78DE45 /* [CP] Check Pods Manifest.lock */ = {
			isa = PBXShellScriptBuildPhase;
			buildActionMask = 2147483647;
			files = (
			);
			inputPaths = (
				"${PODS_PODFILE_DIR_PATH}/Podfile.lock",
				"${PODS_ROOT}/Manifest.lock",
			);
			name = "[CP] Check Pods Manifest.lock";
			outputPaths = (
				"$(DERIVED_FILE_DIR)/Pods-ShowCityWheatherApp-checkManifestLockResult.txt",
			);
			runOnlyForDeploymentPostprocessing = 0;
			shellPath = /bin/sh;
			shellScript = "diff \"${PODS_PODFILE_DIR_PATH}/Podfile.lock\" \"${PODS_ROOT}/Manifest.lock\" > /dev/null\nif [ $? != 0 ] ; then\n    # print error to STDERR\n    echo \"error: The sandbox is not in sync with the Podfile.lock. Run 'pod install' or update your CocoaPods installation.\" >&2\n    exit 1\nfi\n# This output is used by Xcode 'outputs' to avoid re-running this script phase.\necho \"SUCCESS\" > \"${SCRIPT_OUTPUT_FILE_0}\"\n";
			showEnvVarsInLog = 0;
		};
		71E0E9768324565D33146959 /* [CP] Copy Pods Resources */ = {
			isa = PBXShellScriptBuildPhase;
			buildActionMask = 2147483647;
			files = (
			);
			inputPaths = (
				"${SRCROOT}/Pods/Target Support Files/Pods-ShowCityWheatherApp/Pods-ShowCityWheatherApp-resources.sh",
				"${PODS_ROOT}/SVProgressHUD/SVProgressHUD/SVProgressHUD.bundle",
			);
			name = "[CP] Copy Pods Resources";
			outputPaths = (
				"${TARGET_BUILD_DIR}/${UNLOCALIZED_RESOURCES_FOLDER_PATH}/SVProgressHUD.bundle",
			);
			runOnlyForDeploymentPostprocessing = 0;
			shellPath = /bin/sh;
			shellScript = "\"${SRCROOT}/Pods/Target Support Files/Pods-ShowCityWheatherApp/Pods-ShowCityWheatherApp-resources.sh\"\n";
			showEnvVarsInLog = 0;
		};
		D80B5612B53EE4F4655D7F5C /* [CP] Embed Pods Frameworks */ = {
			isa = PBXShellScriptBuildPhase;
			buildActionMask = 2147483647;
			files = (
			);
			inputPaths = (
			);
			name = "[CP] Embed Pods Frameworks";
			outputPaths = (
			);
			runOnlyForDeploymentPostprocessing = 0;
			shellPath = /bin/sh;
			shellScript = "\"${SRCROOT}/Pods/Target Support Files/Pods-ShowCityWheatherApp/Pods-ShowCityWheatherApp-frameworks.sh\"\n";
			showEnvVarsInLog = 0;
		};
/* End PBXShellScriptBuildPhase section */

/* Begin PBXSourcesBuildPhase section */
		8122BF912141378600064F2D /* Sources */ = {
			isa = PBXSourcesBuildPhase;
			buildActionMask = 2147483647;
			files = (
				DFFA12FD214294380005ABDB /* HistoryTableViewController.m in Sources */,
				DF7652CB2142D6BF00860914 /* City.m in Sources */,
				8122BFA32141378600064F2D /* ShowCityWheatherApp.xcdatamodeld in Sources */,
				DFFA13042142A0800005ABDB /* ServieLayer.m in Sources */,
				8122BFBE21416A5200064F2D /* WeatherDetailsViewController.m in Sources */,
				DFFA13132142BD520005ABDB /* CoreDataManger.m in Sources */,
				8122BFBA21414AB200064F2D /* CityTableViewCell.m in Sources */,
				8122BFAB2141378600064F2D /* main.m in Sources */,
				8122BFB321413CE800064F2D /* CitiesTableView.m in Sources */,
				8122BF9A2141378600064F2D /* AppDelegate.m in Sources */,
				DF7652D42142E72200860914 /* WeatherInfo.m in Sources */,
			);
			runOnlyForDeploymentPostprocessing = 0;
		};
/* End PBXSourcesBuildPhase section */

/* Begin PBXVariantGroup section */
		8122BFA62141378600064F2D /* LaunchScreen.storyboard */ = {
			isa = PBXVariantGroup;
			children = (
				8122BFA72141378600064F2D /* Base */,
			);
			name = LaunchScreen.storyboard;
			sourceTree = "<group>";
		};
/* End PBXVariantGroup section */

/* Begin XCBuildConfiguration section */
		8122BFAC2141378600064F2D /* Debug */ = {
			isa = XCBuildConfiguration;
			buildSettings = {
				ALWAYS_SEARCH_USER_PATHS = NO;
				CLANG_ANALYZER_NONNULL = YES;
				CLANG_ANALYZER_NUMBER_OBJECT_CONVERSION = YES_AGGRESSIVE;
				CLANG_CXX_LANGUAGE_STANDARD = "gnu++14";
				CLANG_CXX_LIBRARY = "libc++";
				CLANG_ENABLE_MODULES = YES;
				CLANG_ENABLE_OBJC_ARC = YES;
				CLANG_WARN_BLOCK_CAPTURE_AUTORELEASING = YES;
				CLANG_WARN_BOOL_CONVERSION = YES;
				CLANG_WARN_COMMA = YES;
				CLANG_WARN_CONSTANT_CONVERSION = YES;
				CLANG_WARN_DIRECT_OBJC_ISA_USAGE = YES_ERROR;
				CLANG_WARN_DOCUMENTATION_COMMENTS = YES;
				CLANG_WARN_EMPTY_BODY = YES;
				CLANG_WARN_ENUM_CONVERSION = YES;
				CLANG_WARN_INFINITE_RECURSION = YES;
				CLANG_WARN_INT_CONVERSION = YES;
				CLANG_WARN_NON_LITERAL_NULL_CONVERSION = YES;
				CLANG_WARN_OBJC_LITERAL_CONVERSION = YES;
				CLANG_WARN_OBJC_ROOT_CLASS = YES_ERROR;
				CLANG_WARN_RANGE_LOOP_ANALYSIS = YES;
				CLANG_WARN_STRICT_PROTOTYPES = YES;
				CLANG_WARN_SUSPICIOUS_MOVE = YES;
				CLANG_WARN_UNGUARDED_AVAILABILITY = YES_AGGRESSIVE;
				CLANG_WARN_UNREACHABLE_CODE = YES;
				CLANG_WARN__DUPLICATE_METHOD_MATCH = YES;
				CODE_SIGN_IDENTITY = "iPhone Developer";
				COPY_PHASE_STRIP = NO;
				DEBUG_INFORMATION_FORMAT = dwarf;
				ENABLE_STRICT_OBJC_MSGSEND = YES;
				ENABLE_TESTABILITY = YES;
				GCC_C_LANGUAGE_STANDARD = gnu11;
				GCC_DYNAMIC_NO_PIC = NO;
				GCC_NO_COMMON_BLOCKS = YES;
				GCC_OPTIMIZATION_LEVEL = 0;
				GCC_PREPROCESSOR_DEFINITIONS = (
					"DEBUG=1",
					"$(inherited)",
				);
				GCC_WARN_64_TO_32_BIT_CONVERSION = YES;
				GCC_WARN_ABOUT_RETURN_TYPE = YES_ERROR;
				GCC_WARN_UNDECLARED_SELECTOR = YES;
				GCC_WARN_UNINITIALIZED_AUTOS = YES_AGGRESSIVE;
				GCC_WARN_UNUSED_FUNCTION = YES;
				GCC_WARN_UNUSED_VARIABLE = YES;
				IPHONEOS_DEPLOYMENT_TARGET = 11.0;
				MTL_ENABLE_DEBUG_INFO = YES;
				ONLY_ACTIVE_ARCH = YES;
				SDKROOT = iphoneos;
			};
			name = Debug;
		};
		8122BFAD2141378600064F2D /* Release */ = {
			isa = XCBuildConfiguration;
			buildSettings = {
				ALWAYS_SEARCH_USER_PATHS = NO;
				CLANG_ANALYZER_NONNULL = YES;
				CLANG_ANALYZER_NUMBER_OBJECT_CONVERSION = YES_AGGRESSIVE;
				CLANG_CXX_LANGUAGE_STANDARD = "gnu++14";
				CLANG_CXX_LIBRARY = "libc++";
				CLANG_ENABLE_MODULES = YES;
				CLANG_ENABLE_OBJC_ARC = YES;
				CLANG_WARN_BLOCK_CAPTURE_AUTORELEASING = YES;
				CLANG_WARN_BOOL_CONVERSION = YES;
				CLANG_WARN_COMMA = YES;
				CLANG_WARN_CONSTANT_CONVERSION = YES;
				CLANG_WARN_DIRECT_OBJC_ISA_USAGE = YES_ERROR;
				CLANG_WARN_DOCUMENTATION_COMMENTS = YES;
				CLANG_WARN_EMPTY_BODY = YES;
				CLANG_WARN_ENUM_CONVERSION = YES;
				CLANG_WARN_INFINITE_RECURSION = YES;
				CLANG_WARN_INT_CONVERSION = YES;
				CLANG_WARN_NON_LITERAL_NULL_CONVERSION = YES;
				CLANG_WARN_OBJC_LITERAL_CONVERSION = YES;
				CLANG_WARN_OBJC_ROOT_CLASS = YES_ERROR;
				CLANG_WARN_RANGE_LOOP_ANALYSIS = YES;
				CLANG_WARN_STRICT_PROTOTYPES = YES;
				CLANG_WARN_SUSPICIOUS_MOVE = YES;
				CLANG_WARN_UNGUARDED_AVAILABILITY = YES_AGGRESSIVE;
				CLANG_WARN_UNREACHABLE_CODE = YES;
				CLANG_WARN__DUPLICATE_METHOD_MATCH = YES;
				CODE_SIGN_IDENTITY = "iPhone Developer";
				COPY_PHASE_STRIP = NO;
				DEBUG_INFORMATION_FORMAT = "dwarf-with-dsym";
				ENABLE_NS_ASSERTIONS = NO;
				ENABLE_STRICT_OBJC_MSGSEND = YES;
				GCC_C_LANGUAGE_STANDARD = gnu11;
				GCC_NO_COMMON_BLOCKS = YES;
				GCC_WARN_64_TO_32_BIT_CONVERSION = YES;
				GCC_WARN_ABOUT_RETURN_TYPE = YES_ERROR;
				GCC_WARN_UNDECLARED_SELECTOR = YES;
				GCC_WARN_UNINITIALIZED_AUTOS = YES_AGGRESSIVE;
				GCC_WARN_UNUSED_FUNCTION = YES;
				GCC_WARN_UNUSED_VARIABLE = YES;
				IPHONEOS_DEPLOYMENT_TARGET = 11.0;
				MTL_ENABLE_DEBUG_INFO = NO;
				SDKROOT = iphoneos;
				VALIDATE_PRODUCT = YES;
			};
			name = Release;
		};
		8122BFAF2141378600064F2D /* Debug */ = {
			isa = XCBuildConfiguration;
			baseConfigurationReference = 81A656B1F4E9DD9EF380A4C1 /* Pods-ShowCityWheatherApp.debug.xcconfig */;
			buildSettings = {
				ASSETCATALOG_COMPILER_APPICON_NAME = AppIcon;
				CODE_SIGN_STYLE = Automatic;
				DEVELOPMENT_TEAM = N86U4K69KB;
				INFOPLIST_FILE = ShowCityWheatherApp/Info.plist;
				IPHONEOS_DEPLOYMENT_TARGET = 10.0;
				LD_RUNPATH_SEARCH_PATHS = "$(inherited) @executable_path/Frameworks";
				PRODUCT_BUNDLE_IDENTIFIER = ch.ShowCityWheatherApp;
				PRODUCT_NAME = "$(TARGET_NAME)";
				TARGETED_DEVICE_FAMILY = "1,2";
			};
			name = Debug;
		};
		8122BFB02141378600064F2D /* Release */ = {
			isa = XCBuildConfiguration;
			baseConfigurationReference = 6EFD4ABA4A62028BA3C690BA /* Pods-ShowCityWheatherApp.release.xcconfig */;
			buildSettings = {
				ASSETCATALOG_COMPILER_APPICON_NAME = AppIcon;
				CODE_SIGN_STYLE = Automatic;
				DEVELOPMENT_TEAM = N86U4K69KB;
				INFOPLIST_FILE = ShowCityWheatherApp/Info.plist;
				IPHONEOS_DEPLOYMENT_TARGET = 10.0;
				LD_RUNPATH_SEARCH_PATHS = "$(inherited) @executable_path/Frameworks";
				PRODUCT_BUNDLE_IDENTIFIER = ch.ShowCityWheatherApp;
				PRODUCT_NAME = "$(TARGET_NAME)";
				TARGETED_DEVICE_FAMILY = "1,2";
			};
			name = Release;
		};
/* End XCBuildConfiguration section */

/* Begin XCConfigurationList section */
		8122BF902141378600064F2D /* Build configuration list for PBXProject "ShowCityWheatherApp" */ = {
			isa = XCConfigurationList;
			buildConfigurations = (
				8122BFAC2141378600064F2D /* Debug */,
				8122BFAD2141378600064F2D /* Release */,
			);
			defaultConfigurationIsVisible = 0;
			defaultConfigurationName = Release;
		};
		8122BFAE2141378600064F2D /* Build configuration list for PBXNativeTarget "ShowCityWheatherApp" */ = {
			isa = XCConfigurationList;
			buildConfigurations = (
				8122BFAF2141378600064F2D /* Debug */,
				8122BFB02141378600064F2D /* Release */,
			);
			defaultConfigurationIsVisible = 0;
			defaultConfigurationName = Release;
		};
/* End XCConfigurationList section */

/* Begin XCVersionGroup section */
		8122BFA12141378600064F2D /* ShowCityWheatherApp.xcdatamodeld */ = {
			isa = XCVersionGroup;
			children = (
				8122BFA22141378600064F2D /* ShowCityWheatherApp.xcdatamodel */,
			);
			currentVersion = 8122BFA22141378600064F2D /* ShowCityWheatherApp.xcdatamodel */;
			path = ShowCityWheatherApp.xcdatamodeld;
			sourceTree = "<group>";
			versionGroupType = wrapper.xcdatamodel;
		};
/* End XCVersionGroup section */
	};
	rootObject = 8122BF8D2141378600064F2D /* Project object */;
}
